{
  "R": {
    "Version": "4.0.4",
    "Repositories": [
      {
        "Name": "TERCEN",
        "URL": "https://cran.tercen.com/api/v1/rlib/tercen"
      },
      {
        "Name": "CRAN",
        "URL": "https://cran.tercen.com/api/v1/rlib/CRAN"
      },
      {
        "Name": "BioCsoft",
        "URL": "https://cran.tercen.com/api/v1/rlib/BioCsoft-3.8"
      },
      {
        "Name": "BioCann",
        "URL": "https://cran.tercen.com/api/v1/rlib/BioCann-3.8"
      },
      {
        "Name": "BioCexp",
        "URL": "https://cran.tercen.com/api/v1/rlib/BioCexp-3.8"
      },
      {
        "Name": "BioCworkflows",
        "URL": "https://cran.tercen.com/api/v1/rlib/BioCworkflows-3.8"
      }
    ]
  },
  "Packages": {
    "R6": {
      "Package": "R6",
      "Version": "2.5.1",
      "Source": "Repository",
      "Repository": "CRAN",
      "Hash": "470851b6d5d0ac559e9d01bb352b4021",
      "Requirements": []
    },
    "Rcpp": {
      "Package": "Rcpp",
      "Version": "1.0.8",
      "Source": "Repository",
      "Repository": "CRAN",
      "Hash": "22b546dd7e337f6c0c58a39983a496bc",
      "Requirements": []
    },
    "SnowballC": {
      "Package": "SnowballC",
      "Version": "0.7.0",
      "Source": "Repository",
      "Repository": "CRAN",
      "Hash": "bc26e07c0d747fd287c370fe355e7b85",
      "Requirements": []
    },
    "askpass": {
      "Package": "askpass",
      "Version": "1.1",
      "Source": "Repository",
      "Repository": "RSPM",
      "Hash": "e8a22846fff485f0be3770c2da758713",
      "Requirements": [
        "sys"
      ]
    },
    "cli": {
      "Package": "cli",
      "Version": "3.2.0",
      "Source": "Repository",
      "Repository": "CRAN",
      "Hash": "1bdb126893e9ce6aae50ad1d6fc32faf",
      "Requirements": [
        "glue"
      ]
    },
    "crayon": {
      "Package": "crayon",
      "Version": "1.5.0",
      "Source": "Repository",
      "Repository": "CRAN",
      "Hash": "741c2e098e98afe3dc26a7b0e5489f4e",
      "Requirements": []
    },
    "dplyr": {
      "Package": "dplyr",
      "Version": "1.0.8",
      "Source": "Repository",
      "Repository": "CRAN",
      "Hash": "ef47665e64228a17609d6df877bf86f2",
      "Requirements": [
        "R6",
        "generics",
        "glue",
        "lifecycle",
        "magrittr",
        "pillar",
        "rlang",
        "tibble",
        "tidyselect",
        "vctrs"
      ]
    },
    "ellipsis": {
      "Package": "ellipsis",
      "Version": "0.3.2",
      "Source": "Repository",
      "Repository": "CRAN",
      "Hash": "bb0eec2fe32e88d9e2836c2f73ea2077",
      "Requirements": [
        "rlang"
      ]
    },
    "fansi": {
      "Package": "fansi",
      "Version": "1.0.2",
      "Source": "Repository",
      "Repository": "CRAN",
      "Hash": "f28149c2d7a1342a834b314e95e67260",
      "Requirements": []
    },
    "generics": {
      "Package": "generics",
      "Version": "0.1.2",
      "Source": "Repository",
      "Repository": "CRAN",
      "Hash": "177475892cf4a55865868527654a7741",
      "Requirements": []
    },
    "glue": {
      "Package": "glue",
      "Version": "1.6.2",
      "Source": "Repository",
      "Repository": "CRAN",
      "Hash": "4f2596dfb05dac67b9dc558e5c6fba2e",
      "Requirements": []
    },
    "lifecycle": {
      "Package": "lifecycle",
      "Version": "1.0.1",
      "Source": "Repository",
      "Repository": "CRAN",
      "Hash": "a6b6d352e3ed897373ab19d8395c98d0",
      "Requirements": [
        "glue",
        "rlang"
      ]
    },
    "magrittr": {
      "Package": "magrittr",
      "Version": "2.0.2",
      "Source": "Repository",
      "Repository": "CRAN",
      "Hash": "cdc87ecd81934679d1557633d8e1fe51",
      "Requirements": []
    },
    "mtercen": {
      "Package": "mtercen",
      "Version": "1.0.8",
      "Source": "Repository",
      "Repository": "TERCEN",
      "Hash": "27b03b2685b9424f08521ea09d24860e",
      "Requirements": []
    },
    "openssl": {
      "Package": "openssl",
      "Version": "2.0.0",
      "Source": "Repository",
      "Repository": "CRAN",
      "Hash": "cf4329aac12c2c44089974559c18e446",
      "Requirements": [
        "askpass"
      ]
    },
    "pillar": {
      "Package": "pillar",
      "Version": "1.7.0",
      "Source": "Repository",
      "Repository": "CRAN",
      "Hash": "51dfc97e1b7069e9f7e6f83f3589c22e",
      "Requirements": [
        "cli",
        "crayon",
        "ellipsis",
        "fansi",
        "glue",
        "lifecycle",
        "rlang",
        "utf8",
        "vctrs"
      ]
    },
    "pkgconfig": {
      "Package": "pkgconfig",
      "Version": "2.0.3",
      "Source": "Repository",
      "Repository": "RSPM",
      "Hash": "01f28d4278f15c76cddbea05899c5d6f",
      "Requirements": []
    },
    "purrr": {
      "Package": "purrr",
      "Version": "0.3.4",
      "Source": "Repository",
      "Repository": "RSPM",
      "Hash": "97def703420c8ab10d8f0e6c72101e02",
      "Requirements": [
        "magrittr",
        "rlang"
      ]
    },
    "renv": {
      "Package": "renv",
      "Version": "0.15.4",
      "Source": "Repository",
      "Repository": "CRAN",
      "Hash": "c1078316e1d4f70275fc1ea60c0bc431",
      "Requirements": []
    },
    "rlang": {
      "Package": "rlang",
      "Version": "1.0.2",
      "Source": "Repository",
      "Repository": "CRAN",
      "Hash": "04884d9a75d778aca22c7154b8333ec9",
      "Requirements": []
    },
    "stringi": {
      "Package": "stringi",
      "Version": "1.7.6",
      "Source": "Repository",
      "Repository": "CRAN",
      "Hash": "bba431031d30789535745a9627ac9271",
      "Requirements": []
    },
    "sys": {
      "Package": "sys",
      "Version": "3.4",
      "Source": "Repository",
      "Repository": "RSPM",
      "Hash": "b227d13e29222b4574486cfcbde077fa",
      "Requirements": []
    },
    "teRcenHttp": {
      "Package": "teRcenHttp",
      "Version": "1.0.21",
      "Source": "Repository",
      "Repository": "TERCEN",
      "Hash": "18e6c920fb7ddb33ea4e265098ca24c9",
      "Requirements": []
    },
    "tercen": {
      "Package": "tercen",
      "Version": "0.10.8",
      "Source": "Repository",
      "Repository": "TERCEN",
      "Hash": "7676dd098faf9b2267411f8f129f5d8b",
      "Requirements": [
        "R6",
        "dplyr",
        "mtercen",
        "openssl",
        "teRcenHttp",
        "tibble",
        "yaml"
      ]
    },
    "tibble": {
      "Package": "tibble",
      "Version": "3.1.6",
      "Source": "Repository",
      "Repository": "CRAN",
      "Hash": "8a8f02d1934dfd6431c671361510dd0b",
      "Requirements": [
        "ellipsis",
        "fansi",
        "lifecycle",
        "magrittr",
        "pillar",
        "pkgconfig",
        "rlang",
        "vctrs"
      ]
    },
    "tidyselect": {
      "Package": "tidyselect",
      "Version": "1.1.2",
      "Source": "Repository",
      "Repository": "CRAN",
      "Hash": "17f6da8cfd7002760a859915ce7eef8f",
      "Requirements": [
        "ellipsis",
        "glue",
        "purrr",
        "rlang",
        "vctrs"
      ]
    },
    "tokenizers": {
      "Package": "tokenizers",
      "Version": "0.2.1",
      "Source": "Repository",
      "Repository": "CRAN",
      "Hash": "a064f646b3a692e62dfb5d9ea690a4ea",
      "Requirements": [
        "Rcpp",
        "SnowballC",
        "stringi"
      ]
    },
    "utf8": {
      "Package": "utf8",
      "Version": "1.2.2",
      "Source": "Repository",
      "Repository": "CRAN",
      "Hash": "c9c462b759a5cc844ae25b5942654d13",
      "Requirements": []
    },
    "vctrs": {
      "Package": "vctrs",
      "Version": "0.3.8",
      "Source": "Repository",
      "Repository": "CRAN",
      "Hash": "ecf749a1b39ea72bd9b51b76292261f1",
      "Requirements": [
        "ellipsis",
        "glue",
        "rlang"
      ]
    },
    "yaml": {
      "Package": "yaml",
      "Version": "2.3.5",
      "Source": "Repository",
      "Repository": "CRAN",
      "Hash": "458bb38374d73bf83b1bb85e353da200",
      "Requirements": []
    }
  }
}
